
Microsoft Visual Studio Solution File, Format Version 12.00
# Visual Studio 15
Project("{FAE04EC0-301F-11D3-BF4B-00C04F79EFBC}") = "Assembly-CSharp", "Assembly-CSharp.csproj", "{10DD2101-1E34-7059-68A1-12C2EF82F263}"
EndProject
Project("{FAE04EC0-301F-11D3-BF4B-00C04F79EFBC}") = "Assembly-CSharp-Editor", "Assembly-CSharp-Editor.csproj", "{ACDF1A4C-F54D-7D45-D854-931D370C5C30}"
EndProject
Global
	GlobalSection(SolutionConfigurationPlatforms) = preSolution
		Debug|Any CPU = Debug|Any CPU
		Release|Any CPU = Release|Any CPU
	EndGlobalSection
	GlobalSection(ProjectConfigurationPlatforms) = postSolution
		{10DD2101-1E34-7059-68A1-12C2EF82F263}.Debug|Any CPU.ActiveCfg = Debug|Any CPU
		{10DD2101-1E34-7059-68A1-12C2EF82F263}.Debug|Any CPU.Build.0 = Debug|Any CPU
		{10DD2101-1E34-7059-68A1-12C2EF82F263}.Release|Any CPU.ActiveCfg = Release|Any CPU
		{10DD2101-1E34-7059-68A1-12C2EF82F263}.Release|Any CPU.Build.0 = Release|Any CPU
		{ACDF1A4C-F54D-7D45-D854-931D370C5C30}.Debug|Any CPU.ActiveCfg = Debug|Any CPU
		{ACDF1A4C-F54D-7D45-D854-931D370C5C30}.Debug|Any CPU.Build.0 = Debug|Any CPU
		{ACDF1A4C-F54D-7D45-D854-931D370C5C30}.Release|Any CPU.ActiveCfg = Release|Any CPU
		{ACDF1A4C-F54D-7D45-D854-931D370C5C30}.Release|Any CPU.Build.0 = Release|Any CPU
	EndGlobalSection
	GlobalSection(SolutionProperties) = preSolution
		HideSolutionNode = FALSE
	EndGlobalSection
EndGlobal
